// !$*UTF8*$!
{
	archiveVersion = 1;
	classes = {
	};
	objectVersion = 46;
	objects = {

/* Begin PBXBuildFile section */
		B3E7B58A1CC2AC0600A0062D /* RnSmartConfigP.m in Sources */ = {isa = PBXBuildFile; fileRef = B3E7B5891CC2AC0600A0062D /* RnSmartConfigP.m */; };
		D2BD26712373F9D300E47DB0 /* ESPGuideCode.m in Sources */ = {isa = PBXBuildFile; fileRef = D2BD26702373F9D300E47DB0 /* ESPGuideCode.m */; };
		D2BD26742373FA2800E47DB0 /* ESPTouchGenerator.m in Sources */ = {isa = PBXBuildFile; fileRef = D2BD26732373FA2800E47DB0 /* ESPTouchGenerator.m */; };
		D2BD26772373FB0D00E47DB0 /* ESPDatumCode.m in Sources */ = {isa = PBXBuildFile; fileRef = D2BD26762373FB0D00E47DB0 /* ESPDatumCode.m */; };
		D2BD267A2373FB4200E47DB0 /* ESPDataCode.m in Sources */ = {isa = PBXBuildFile; fileRef = D2BD26792373FB4200E47DB0 /* ESPDataCode.m */; };
		D2BD267E2373FBB100E47DB0 /* ESPTouchTask.m in Sources */ = {isa = PBXBuildFile; fileRef = D2BD267D2373FBB100E47DB0 /* ESPTouchTask.m */; };
		D2BD26802373FBC200E47DB0 /* ESPTouchResult.m in Sources */ = {isa = PBXBuildFile; fileRef = D2BD267F2373FBC200E47DB0 /* ESPTouchResult.m */; };
		D2BD26832373FBE000E47DB0 /* ESPTouchTaskParameter.m in Sources */ = {isa = PBXBuildFile; fileRef = D2BD26822373FBE000E47DB0 /* ESPTouchTaskParameter.m */; };
		D2BD26892373FC3C00E47DB0 /* ESPUDPSocketClient.m in Sources */ = {isa = PBXBuildFile; fileRef = D2BD26862373FC3C00E47DB0 /* ESPUDPSocketClient.m */; };
		D2BD268A2373FC3C00E47DB0 /* ESPUDPSocketServer.m in Sources */ = {isa = PBXBuildFile; fileRef = D2BD26872373FC3C00E47DB0 /* ESPUDPSocketServer.m */; };
		D2BD26942373FC7300E47DB0 /* ESP_WifiUtil.m in Sources */ = {isa = PBXBuildFile; fileRef = D2BD268C2373FC7200E47DB0 /* ESP_WifiUtil.m */; };
		D2BD26952373FC7300E47DB0 /* ESP_CRC8.m in Sources */ = {isa = PBXBuildFile; fileRef = D2BD268E2373FC7200E47DB0 /* ESP_CRC8.m */; };
		D2BD26962373FC7300E47DB0 /* ESP_ByteUtil.m in Sources */ = {isa = PBXBuildFile; fileRef = D2BD268F2373FC7200E47DB0 /* ESP_ByteUtil.m */; };
		D2BD26972373FC7300E47DB0 /* ESP_NetUtil.m in Sources */ = {isa = PBXBuildFile; fileRef = D2BD26902373FC7200E47DB0 /* ESP_NetUtil.m */; };
		D2BD269D2373FCAB00E47DB0 /* ESPAES.m in Sources */ = {isa = PBXBuildFile; fileRef = D2BD26982373FCAA00E47DB0 /* ESPAES.m */; };
		D2BD269E2373FCAB00E47DB0 /* ESPTools.m in Sources */ = {isa = PBXBuildFile; fileRef = D2BD269A2373FCAA00E47DB0 /* ESPTools.m */; };
		D2BD26A12374024E00E47DB0 /* ESPAppDelegate.m in Sources */ = {isa = PBXBuildFile; fileRef = D2BD26A02374024E00E47DB0 /* ESPAppDelegate.m */; };
/* End PBXBuildFile section */

/* Begin PBXCopyFilesBuildPhase section */
		58B511D91A9E6C8500147676 /* CopyFiles */ = {
			isa = PBXCopyFilesBuildPhase;
			buildActionMask = 2147483647;
			dstPath = "include/$(PRODUCT_NAME)";
			dstSubfolderSpec = 16;
			files = (
			);
			runOnlyForDeploymentPostprocessing = 0;
		};
/* End PBXCopyFilesBuildPhase section */

/* Begin PBXFileReference section */
		134814201AA4EA6300B7C361 /* libRnSmartConfigP.a */ = {isa = PBXFileReference; explicitFileType = archive.ar; includeInIndex = 0; path = libRnSmartConfigP.a; sourceTree = BUILT_PRODUCTS_DIR; };
		B3E7B5881CC2AC0600A0062D /* RnSmartConfigP.h */ = {isa = PBXFileReference; fileEncoding = 4; lastKnownFileType = sourcecode.c.h; path = RnSmartConfigP.h; sourceTree = "<group>"; };
		B3E7B5891CC2AC0600A0062D /* RnSmartConfigP.m */ = {isa = PBXFileReference; fileEncoding = 4; lastKnownFileType = sourcecode.c.objc; path = RnSmartConfigP.m; sourceTree = "<group>"; };
		D2BD266C2373F87C00E47DB0 /* ESPTouchTask.h */ = {isa = PBXFileReference; fileEncoding = 4; lastKnownFileType = sourcecode.c.h; path = ESPTouchTask.h; sourceTree = "<group>"; };
		D2BD266D2373F8E300E47DB0 /* ESPTouchResult.h */ = {isa = PBXFileReference; fileEncoding = 4; lastKnownFileType = sourcecode.c.h; path = ESPTouchResult.h; sourceTree = "<group>"; };
		D2BD266E2373F91400E47DB0 /* ESPTouchDelegate.h */ = {isa = PBXFileReference; fileEncoding = 4; lastKnownFileType = sourcecode.c.h; path = ESPTouchDelegate.h; sourceTree = "<group>"; };
		D2BD26702373F9D300E47DB0 /* ESPGuideCode.m */ = {isa = PBXFileReference; fileEncoding = 4; lastKnownFileType = sourcecode.c.objc; path = ESPGuideCode.m; sourceTree = "<group>"; };
		D2BD26722373F9F700E47DB0 /* ESPGuideCode.h */ = {isa = PBXFileReference; fileEncoding = 4; lastKnownFileType = sourcecode.c.h; path = ESPGuideCode.h; sourceTree = "<group>"; };
		D2BD26732373FA2800E47DB0 /* ESPTouchGenerator.m */ = {isa = PBXFileReference; fileEncoding = 4; lastKnownFileType = sourcecode.c.objc; path = ESPTouchGenerator.m; sourceTree = "<group>"; };
		D2BD26752373FA5900E47DB0 /* ESPTouchGenerator.h */ = {isa = PBXFileReference; fileEncoding = 4; lastKnownFileType = sourcecode.c.h; path = ESPTouchGenerator.h; sourceTree = "<group>"; };
		D2BD26762373FB0D00E47DB0 /* ESPDatumCode.m */ = {isa = PBXFileReference; fileEncoding = 4; lastKnownFileType = sourcecode.c.objc; path = ESPDatumCode.m; sourceTree = "<group>"; };
		D2BD26782373FB1D00E47DB0 /* ESPDatumCode.h */ = {isa = PBXFileReference; fileEncoding = 4; lastKnownFileType = sourcecode.c.h; path = ESPDatumCode.h; sourceTree = "<group>"; };
		D2BD26792373FB4200E47DB0 /* ESPDataCode.m */ = {isa = PBXFileReference; fileEncoding = 4; lastKnownFileType = sourcecode.c.objc; path = ESPDataCode.m; sourceTree = "<group>"; };
		D2BD267B2373FB5000E47DB0 /* ESPDataCode.h */ = {isa = PBXFileReference; fileEncoding = 4; lastKnownFileType = sourcecode.c.h; path = ESPDataCode.h; sourceTree = "<group>"; };
		D2BD267D2373FBB100E47DB0 /* ESPTouchTask.m */ = {isa = PBXFileReference; fileEncoding = 4; lastKnownFileType = sourcecode.c.objc; path = ESPTouchTask.m; sourceTree = "<group>"; };
		D2BD267F2373FBC200E47DB0 /* ESPTouchResult.m */ = {isa = PBXFileReference; fileEncoding = 4; lastKnownFileType = sourcecode.c.objc; path = ESPTouchResult.m; sourceTree = "<group>"; };
		D2BD26812373FBDF00E47DB0 /* ESPTouchTaskParameter.h */ = {isa = PBXFileReference; fileEncoding = 4; lastKnownFileType = sourcecode.c.h; path = ESPTouchTaskParameter.h; sourceTree = "<group>"; };
		D2BD26822373FBE000E47DB0 /* ESPTouchTaskParameter.m */ = {isa = PBXFileReference; fileEncoding = 4; lastKnownFileType = sourcecode.c.objc; path = ESPTouchTaskParameter.m; sourceTree = "<group>"; };
		D2BD26852373FC3C00E47DB0 /* ESPUDPSocketClient.h */ = {isa = PBXFileReference; fileEncoding = 4; lastKnownFileType = sourcecode.c.h; path = ESPUDPSocketClient.h; sourceTree = "<group>"; };
		D2BD26862373FC3C00E47DB0 /* ESPUDPSocketClient.m */ = {isa = PBXFileReference; fileEncoding = 4; lastKnownFileType = sourcecode.c.objc; path = ESPUDPSocketClient.m; sourceTree = "<group>"; };
		D2BD26872373FC3C00E47DB0 /* ESPUDPSocketServer.m */ = {isa = PBXFileReference; fileEncoding = 4; lastKnownFileType = sourcecode.c.objc; path = ESPUDPSocketServer.m; sourceTree = "<group>"; };
		D2BD26882373FC3C00E47DB0 /* ESPUDPSocketServer.h */ = {isa = PBXFileReference; fileEncoding = 4; lastKnownFileType = sourcecode.c.h; path = ESPUDPSocketServer.h; sourceTree = "<group>"; };
		D2BD268C2373FC7200E47DB0 /* ESP_WifiUtil.m */ = {isa = PBXFileReference; fileEncoding = 4; lastKnownFileType = sourcecode.c.objc; path = ESP_WifiUtil.m; sourceTree = "<group>"; };
		D2BD268D2373FC7200E47DB0 /* ESP_WifiUtil.h */ = {isa = PBXFileReference; fileEncoding = 4; lastKnownFileType = sourcecode.c.h; path = ESP_WifiUtil.h; sourceTree = "<group>"; };
		D2BD268E2373FC7200E47DB0 /* ESP_CRC8.m */ = {isa = PBXFileReference; fileEncoding = 4; lastKnownFileType = sourcecode.c.objc; path = ESP_CRC8.m; sourceTree = "<group>"; };
		D2BD268F2373FC7200E47DB0 /* ESP_ByteUtil.m */ = {isa = PBXFileReference; fileEncoding = 4; lastKnownFileType = sourcecode.c.objc; path = ESP_ByteUtil.m; sourceTree = "<group>"; };
		D2BD26902373FC7200E47DB0 /* ESP_NetUtil.m */ = {isa = PBXFileReference; fileEncoding = 4; lastKnownFileType = sourcecode.c.objc; path = ESP_NetUtil.m; sourceTree = "<group>"; };
		D2BD26912373FC7200E47DB0 /* ESP_ByteUtil.h */ = {isa = PBXFileReference; fileEncoding = 4; lastKnownFileType = sourcecode.c.h; path = ESP_ByteUtil.h; sourceTree = "<group>"; };
		D2BD26922373FC7300E47DB0 /* ESP_CRC8.h */ = {isa = PBXFileReference; fileEncoding = 4; lastKnownFileType = sourcecode.c.h; path = ESP_CRC8.h; sourceTree = "<group>"; };
		D2BD26932373FC7300E47DB0 /* ESP_NetUtil.h */ = {isa = PBXFileReference; fileEncoding = 4; lastKnownFileType = sourcecode.c.h; path = ESP_NetUtil.h; sourceTree = "<group>"; };
		D2BD26982373FCAA00E47DB0 /* ESPAES.m */ = {isa = PBXFileReference; fileEncoding = 4; lastKnownFileType = sourcecode.c.objc; path = ESPAES.m; sourceTree = "<group>"; };
		D2BD26992373FCAA00E47DB0 /* ESPTools.h */ = {isa = PBXFileReference; fileEncoding = 4; lastKnownFileType = sourcecode.c.h; path = ESPTools.h; sourceTree = "<group>"; };
		D2BD269A2373FCAA00E47DB0 /* ESPTools.m */ = {isa = PBXFileReference; fileEncoding = 4; lastKnownFileType = sourcecode.c.objc; path = ESPTools.m; sourceTree = "<group>"; };
		D2BD269B2373FCAA00E47DB0 /* ESPVersionMacro.h */ = {isa = PBXFileReference; fileEncoding = 4; lastKnownFileType = sourcecode.c.h; path = ESPVersionMacro.h; sourceTree = "<group>"; };
		D2BD269C2373FCAB00E47DB0 /* ESPAES.h */ = {isa = PBXFileReference; fileEncoding = 4; lastKnownFileType = sourcecode.c.h; path = ESPAES.h; sourceTree = "<group>"; };
		D2BD269F2374024E00E47DB0 /* ESPAppDelegate.h */ = {isa = PBXFileReference; fileEncoding = 4; lastKnownFileType = sourcecode.c.h; path = ESPAppDelegate.h; sourceTree = "<group>"; };
		D2BD26A02374024E00E47DB0 /* ESPAppDelegate.m */ = {isa = PBXFileReference; fileEncoding = 4; lastKnownFileType = sourcecode.c.objc; path = ESPAppDelegate.m; sourceTree = "<group>"; };
/* End PBXFileReference section */

/* Begin PBXFrameworksBuildPhase section */
		58B511D81A9E6C8500147676 /* Frameworks */ = {
			isa = PBXFrameworksBuildPhase;
			buildActionMask = 2147483647;
			files = (
			);
			runOnlyForDeploymentPostprocessing = 0;
		};
/* End PBXFrameworksBuildPhase section */

/* Begin PBXGroup section */
		134814211AA4EA7D00B7C361 /* Products */ = {
			isa = PBXGroup;
			children = (
				134814201AA4EA6300B7C361 /* libRnSmartConfigP.a */,
			);
			name = Products;
			sourceTree = "<group>";
		};
		58B511D21A9E6C8500147676 = {
			isa = PBXGroup;
			children = (
				D2BD266B2373F83200E47DB0 /* esptouch */,
				D2BD266F2373F92300E47DB0 /* protocol */,
				D2BD268B2373FC5200E47DB0 /* util */,
				D2BD26842373FC1B00E47DB0 /* udp */,
				D2BD267C2373FB9500E47DB0 /* task */,
				D2BD269F2374024E00E47DB0 /* ESPAppDelegate.h */,
				D2BD26A02374024E00E47DB0 /* ESPAppDelegate.m */,
				B3E7B5881CC2AC0600A0062D /* RnSmartConfigP.h */,
				B3E7B5891CC2AC0600A0062D /* RnSmartConfigP.m */,
				134814211AA4EA7D00B7C361 /* Products */,
			);
			sourceTree = "<group>";
		};
		D2BD266B2373F83200E47DB0 /* esptouch */ = {
			isa = PBXGroup;
			children = (
				D2BD266C2373F87C00E47DB0 /* ESPTouchTask.h */,
				D2BD266D2373F8E300E47DB0 /* ESPTouchResult.h */,
				D2BD266E2373F91400E47DB0 /* ESPTouchDelegate.h */,
			);
			name = esptouch;
			sourceTree = "<group>";
		};
		D2BD266F2373F92300E47DB0 /* protocol */ = {
			isa = PBXGroup;
			children = (
				D2BD267B2373FB5000E47DB0 /* ESPDataCode.h */,
				D2BD26792373FB4200E47DB0 /* ESPDataCode.m */,
				D2BD26782373FB1D00E47DB0 /* ESPDatumCode.h */,
				D2BD26762373FB0D00E47DB0 /* ESPDatumCode.m */,
				D2BD26752373FA5900E47DB0 /* ESPTouchGenerator.h */,
				D2BD26732373FA2800E47DB0 /* ESPTouchGenerator.m */,
				D2BD26722373F9F700E47DB0 /* ESPGuideCode.h */,
				D2BD26702373F9D300E47DB0 /* ESPGuideCode.m */,
			);
			name = protocol;
			sourceTree = "<group>";
		};
		D2BD267C2373FB9500E47DB0 /* task */ = {
			isa = PBXGroup;
			children = (
				D2BD26812373FBDF00E47DB0 /* ESPTouchTaskParameter.h */,
				D2BD26822373FBE000E47DB0 /* ESPTouchTaskParameter.m */,
				D2BD267F2373FBC200E47DB0 /* ESPTouchResult.m */,
				D2BD267D2373FBB100E47DB0 /* ESPTouchTask.m */,
			);
			name = task;
			sourceTree = "<group>";
		};
		D2BD26842373FC1B00E47DB0 /* udp */ = {
			isa = PBXGroup;
			children = (
				D2BD26852373FC3C00E47DB0 /* ESPUDPSocketClient.h */,
				D2BD26862373FC3C00E47DB0 /* ESPUDPSocketClient.m */,
				D2BD26882373FC3C00E47DB0 /* ESPUDPSocketServer.h */,
				D2BD26872373FC3C00E47DB0 /* ESPUDPSocketServer.m */,
			);
			name = udp;
			sourceTree = "<group>";
		};
		D2BD268B2373FC5200E47DB0 /* util */ = {
			isa = PBXGroup;
			children = (
				D2BD269C2373FCAB00E47DB0 /* ESPAES.h */,
				D2BD26982373FCAA00E47DB0 /* ESPAES.m */,
				D2BD26992373FCAA00E47DB0 /* ESPTools.h */,
				D2BD269A2373FCAA00E47DB0 /* ESPTools.m */,
				D2BD269B2373FCAA00E47DB0 /* ESPVersionMacro.h */,
				D2BD26912373FC7200E47DB0 /* ESP_ByteUtil.h */,
				D2BD268F2373FC7200E47DB0 /* ESP_ByteUtil.m */,
				D2BD26922373FC7300E47DB0 /* ESP_CRC8.h */,
				D2BD268E2373FC7200E47DB0 /* ESP_CRC8.m */,
				D2BD26932373FC7300E47DB0 /* ESP_NetUtil.h */,
				D2BD26902373FC7200E47DB0 /* ESP_NetUtil.m */,
				D2BD268D2373FC7200E47DB0 /* ESP_WifiUtil.h */,
				D2BD268C2373FC7200E47DB0 /* ESP_WifiUtil.m */,
			);
			name = util;
			sourceTree = "<group>";
		};
/* End PBXGroup section */

/* Begin PBXNativeTarget section */
		58B511DA1A9E6C8500147676 /* RnSmartConfigP */ = {
			isa = PBXNativeTarget;
			buildConfigurationList = 58B511EF1A9E6C8500147676 /* Build configuration list for PBXNativeTarget "RnSmartConfigP" */;
			buildPhases = (
				58B511D71A9E6C8500147676 /* Sources */,
				58B511D81A9E6C8500147676 /* Frameworks */,
				58B511D91A9E6C8500147676 /* CopyFiles */,
			);
			buildRules = (
			);
			dependencies = (
			);
			name = RnSmartConfigP;
			productName = RCTDataManager;
			productReference = 134814201AA4EA6300B7C361 /* libRnSmartConfigP.a */;
			productType = "com.apple.product-type.library.static";
		};
/* End PBXNativeTarget section */

/* Begin PBXProject section */
		58B511D31A9E6C8500147676 /* Project object */ = {
			isa = PBXProject;
			attributes = {
				LastUpgradeCheck = 0920;
				ORGANIZATIONNAME = Facebook;
				TargetAttributes = {
					58B511DA1A9E6C8500147676 = {
						CreatedOnToolsVersion = 6.1.1;
					};
				};
			};
			buildConfigurationList = 58B511D61A9E6C8500147676 /* Build configuration list for PBXProject "RnSmartConfigP" */;
			compatibilityVersion = "Xcode 3.2";
			developmentRegion = English;
			hasScannedForEncodings = 0;
			knownRegions = (
				English,
				en,
			);
			mainGroup = 58B511D21A9E6C8500147676;
			productRefGroup = 58B511D21A9E6C8500147676;
			projectDirPath = "";
			projectRoot = "";
			targets = (
				58B511DA1A9E6C8500147676 /* RnSmartConfigP */,
			);
		};
/* End PBXProject section */

/* Begin PBXSourcesBuildPhase section */
		58B511D71A9E6C8500147676 /* Sources */ = {
			isa = PBXSourcesBuildPhase;
			buildActionMask = 2147483647;
			files = (
				D2BD267A2373FB4200E47DB0 /* ESPDataCode.m in Sources */,
				D2BD26832373FBE000E47DB0 /* ESPTouchTaskParameter.m in Sources */,
				D2BD26712373F9D300E47DB0 /* ESPGuideCode.m in Sources */,
				B3E7B58A1CC2AC0600A0062D /* RnSmartConfigP.m in Sources */,
				D2BD26962373FC7300E47DB0 /* ESP_ByteUtil.m in Sources */,
				D2BD26952373FC7300E47DB0 /* ESP_CRC8.m in Sources */,
				D2BD26942373FC7300E47DB0 /* ESP_WifiUtil.m in Sources */,
				D2BD268A2373FC3C00E47DB0 /* ESPUDPSocketServer.m in Sources */,
				D2BD26972373FC7300E47DB0 /* ESP_NetUtil.m in Sources */,
				D2BD269D2373FCAB00E47DB0 /* ESPAES.m in Sources */,
				D2BD26A12374024E00E47DB0 /* ESPAppDelegate.m in Sources */,
				D2BD26802373FBC200E47DB0 /* ESPTouchResult.m in Sources */,
				D2BD26892373FC3C00E47DB0 /* ESPUDPSocketClient.m in Sources */,
				D2BD267E2373FBB100E47DB0 /* ESPTouchTask.m in Sources */,
				D2BD26742373FA2800E47DB0 /* ESPTouchGenerator.m in Sources */,
				D2BD269E2373FCAB00E47DB0 /* ESPTools.m in Sources */,
				D2BD26772373FB0D00E47DB0 /* ESPDatumCode.m in Sources */,
			);
			runOnlyForDeploymentPostprocessing = 0;
		};
/* End PBXSourcesBuildPhase section */

/* Begin XCBuildConfiguration section */
		58B511ED1A9E6C8500147676 /* Debug */ = {
			isa = XCBuildConfiguration;
			buildSettings = {
				ALWAYS_SEARCH_USER_PATHS = NO;
				CLANG_CXX_LANGUAGE_STANDARD = "gnu++0x";
				CLANG_CXX_LIBRARY = "libc++";
				CLANG_ENABLE_MODULES = YES;
				CLANG_ENABLE_OBJC_ARC = YES;
				CLANG_WARN_BLOCK_CAPTURE_AUTORELEASING = YES;
				CLANG_WARN_BOOL_CONVERSION = YES;
				CLANG_WARN_COMMA = YES;
				CLANG_WARN_CONSTANT_CONVERSION = YES;
				CLANG_WARN_DIRECT_OBJC_ISA_USAGE = YES_ERROR;
				CLANG_WARN_EMPTY_BODY = YES;
				CLANG_WARN_ENUM_CONVERSION = YES;
				CLANG_WARN_INFINITE_RECURSION = YES;
				CLANG_WARN_INT_CONVERSION = YES;
				CLANG_WARN_NON_LITERAL_NULL_CONVERSION = YES;
				CLANG_WARN_OBJC_LITERAL_CONVERSION = YES;
				CLANG_WARN_OBJC_ROOT_CLASS = YES_ERROR;
				CLANG_WARN_RANGE_LOOP_ANALYSIS = YES;
				CLANG_WARN_STRICT_PROTOTYPES = YES;
				CLANG_WARN_SUSPICIOUS_MOVE = YES;
				CLANG_WARN_UNREACHABLE_CODE = YES;
				CLANG_WARN__DUPLICATE_METHOD_MATCH = YES;
				COPY_PHASE_STRIP = NO;
				ENABLE_STRICT_OBJC_MSGSEND = YES;
				ENABLE_TESTABILITY = YES;
				GCC_C_LANGUAGE_STANDARD = gnu99;
				GCC_DYNAMIC_NO_PIC = NO;
				GCC_NO_COMMON_BLOCKS = YES;
				GCC_OPTIMIZATION_LEVEL = 0;
				GCC_PREPROCESSOR_DEFINITIONS = (
					"DEBUG=1",
					"$(inherited)",
				);
				GCC_SYMBOLS_PRIVATE_EXTERN = NO;
				GCC_WARN_64_TO_32_BIT_CONVERSION = YES;
				GCC_WARN_ABOUT_RETURN_TYPE = YES_ERROR;
				GCC_WARN_UNDECLARED_SELECTOR = YES;
				GCC_WARN_UNINITIALIZED_AUTOS = YES_AGGRESSIVE;
				GCC_WARN_UNUSED_FUNCTION = YES;
				GCC_WARN_UNUSED_VARIABLE = YES;
				IPHONEOS_DEPLOYMENT_TARGET = 8.0;
				MTL_ENABLE_DEBUG_INFO = YES;
				ONLY_ACTIVE_ARCH = YES;
				SDKROOT = iphoneos;
			};
			name = Debug;
		};
		58B511EE1A9E6C8500147676 /* Release */ = {
			isa = XCBuildConfiguration;
			buildSettings = {
				ALWAYS_SEARCH_USER_PATHS = NO;
				CLANG_CXX_LANGUAGE_STANDARD = "gnu++0x";
				CLANG_CXX_LIBRARY = "libc++";
				CLANG_ENABLE_MODULES = YES;
				CLANG_ENABLE_OBJC_ARC = YES;
				CLANG_WARN_BLOCK_CAPTURE_AUTORELEASING = YES;
				CLANG_WARN_BOOL_CONVERSION = YES;
				CLANG_WARN_COMMA = YES;
				CLANG_WARN_CONSTANT_CONVERSION = YES;
				CLANG_WARN_DIRECT_OBJC_ISA_USAGE = YES_ERROR;
				CLANG_WARN_EMPTY_BODY = YES;
				CLANG_WARN_ENUM_CONVERSION = YES;
				CLANG_WARN_INFINITE_RECURSION = YES;
				CLANG_WARN_INT_CONVERSION = YES;
				CLANG_WARN_NON_LITERAL_NULL_CONVERSION = YES;
				CLANG_WARN_OBJC_LITERAL_CONVERSION = YES;
				CLANG_WARN_OBJC_ROOT_CLASS = YES_ERROR;
				CLANG_WARN_RANGE_LOOP_ANALYSIS = YES;
				CLANG_WARN_STRICT_PROTOTYPES = YES;
				CLANG_WARN_SUSPICIOUS_MOVE = YES;
				CLANG_WARN_UNREACHABLE_CODE = YES;
				CLANG_WARN__DUPLICATE_METHOD_MATCH = YES;
				COPY_PHASE_STRIP = YES;
				ENABLE_NS_ASSERTIONS = NO;
				ENABLE_STRICT_OBJC_MSGSEND = YES;
				GCC_C_LANGUAGE_STANDARD = gnu99;
				GCC_NO_COMMON_BLOCKS = YES;
				GCC_WARN_64_TO_32_BIT_CONVERSION = YES;
				GCC_WARN_ABOUT_RETURN_TYPE = YES_ERROR;
				GCC_WARN_UNDECLARED_SELECTOR = YES;
				GCC_WARN_UNINITIALIZED_AUTOS = YES_AGGRESSIVE;
				GCC_WARN_UNUSED_FUNCTION = YES;
				GCC_WARN_UNUSED_VARIABLE = YES;
				IPHONEOS_DEPLOYMENT_TARGET = 8.0;
				MTL_ENABLE_DEBUG_INFO = NO;
				SDKROOT = iphoneos;
				VALIDATE_PRODUCT = YES;
			};
			name = Release;
		};
		58B511F01A9E6C8500147676 /* Debug */ = {
			isa = XCBuildConfiguration;
			buildSettings = {
				HEADER_SEARCH_PATHS = (
					"$(inherited)",
					/Applications/Xcode.app/Contents/Developer/Toolchains/XcodeDefault.xctoolchain/usr/include,
					"$(SRCROOT)/../../../React/**",
					"$(SRCROOT)/../../react-native/React/**",
				);
				LIBRARY_SEARCH_PATHS = "$(inherited)";
				OTHER_LDFLAGS = "-ObjC";
				PRODUCT_NAME = RnSmartConfigP;
				SKIP_INSTALL = YES;
			};
			name = Debug;
		};
		58B511F11A9E6C8500147676 /* Release */ = {
			isa = XCBuildConfiguration;
			buildSettings = {
				HEADER_SEARCH_PATHS = (
					"$(inherited)",
					/Applications/Xcode.app/Contents/Developer/Toolchains/XcodeDefault.xctoolchain/usr/include,
					"$(SRCROOT)/../../../React/**",
					"$(SRCROOT)/../../react-native/React/**",
				);
				LIBRARY_SEARCH_PATHS = "$(inherited)";
				OTHER_LDFLAGS = "-ObjC";
				PRODUCT_NAME = RnSmartConfigP;
				SKIP_INSTALL = YES;
			};
			name = Release;
		};
/* End XCBuildConfiguration section */

/* Begin XCConfigurationList section */
		58B511D61A9E6C8500147676 /* Build configuration list for PBXProject "RnSmartConfigP" */ = {
			isa = XCConfigurationList;
			buildConfigurations = (
				58B511ED1A9E6C8500147676 /* Debug */,
				58B511EE1A9E6C8500147676 /* Release */,
			);
			defaultConfigurationIsVisible = 0;
			defaultConfigurationName = Release;
		};
		58B511EF1A9E6C8500147676 /* Build configuration list for PBXNativeTarget "RnSmartConfigP" */ = {
			isa = XCConfigurationList;
			buildConfigurations = (
				58B511F01A9E6C8500147676 /* Debug */,
				58B511F11A9E6C8500147676 /* Release */,
			);
			defaultConfigurationIsVisible = 0;
			defaultConfigurationName = Release;
		};
/* End XCConfigurationList section */
	};
	rootObject = 58B511D31A9E6C8500147676 /* Project object */;
}
